
Microsoft Visual Studio Solution File, Format Version 12.00
# Visual Studio 15
VisualStudioVersion = 15.0.27703.2035
MinimumVisualStudioVersion = 10.0.40219.1
Project("{8BC9CEB8-8B4A-11D0-8D11-00A0C91BC942}") = "PCD Assignment", "PCD Assignment\PCD Assignment.vcxproj", "{5A437AD6-4C49-47BC-954F-ECD3EF3B592A}"
EndProject
Global
	GlobalSection(SolutionConfigurationPlatforms) = preSolution
		Debug|x64 = Debug|x64
		Debug|x86 = Debug|x86
		Release|x64 = Release|x64
		Release|x86 = Release|x86
	EndGlobalSection
	GlobalSection(ProjectConfigurationPlatforms) = postSolution
		{5A437AD6-4C49-47BC-954F-ECD3EF3B592A}.Debug|x64.ActiveCfg = Debug|x64
		{5A437AD6-4C49-47BC-954F-ECD3EF3B592A}.Debug|x64.Build.0 = Debug|x64
		{5A437AD6-4C49-47BC-954F-ECD3EF3B592A}.Debug|x86.ActiveCfg = Debug|Win32
		{5A437AD6-4C49-47BC-954F-ECD3EF3B592A}.Debug|x86.Build.0 = Debug|Win32
		{5A437AD6-4C49-47BC-954F-ECD3EF3B592A}.Release|x64.ActiveCfg = Release|x64
		{5A437AD6-4C49-47BC-954F-ECD3EF3B592A}.Release|x64.Build.0 = Release|x64
		{5A437AD6-4C49-47BC-954F-ECD3EF3B592A}.Release|x86.ActiveCfg = Release|Win32
		{5A437AD6-4C49-47BC-954F-ECD3EF3B592A}.Release|x86.Build.0 = Release|Win32
	EndGlobalSection
	GlobalSection(SolutionProperties) = preSolution
		HideSolutionNode = FALSE
	EndGlobalSection
	GlobalSection(ExtensibilityGlobals) = postSolution
		SolutionGuid = {B3A83757-7B0A-429F-A30C-0663D4E7EF49}
	EndGlobalSection
EndGlobal
